{
  "name": "log.pocka.io",
  "version": "1.0.0",
  "lockfileVersion": 1,
  "dependencies": {
    "vue": {
      "version": "2.4.1",
      "resolved": "https://registry.npmjs.org/vue/-/vue-2.4.1.tgz",
      "integrity": "sha512-V/3mbqPeXJf+AEdm2Qdrho8ADjN2/Th+q7abrDqQrGaERgtlGPLe8SRLDzJ2eNEV4Gh+L8T/vfbxb2sLUfwYbA=="
    },
    "vuex": {
      "version": "2.3.1",
      "resolved": "https://registry.npmjs.org/vuex/-/vuex-2.3.1.tgz",
      "integrity": "sha1-zejpl8H5lXcZvH3qFU+appHZgaY="
    }
  }
}
